Microsoft Visual Studio Solution File, Format Version 12.00
# Visual Studio Version 17
VisualStudioVersion = 17.5.2.0
MinimumVisualStudioVersion = 10.0.40219.1
Project("{FAE04EC0-301F-11D3-BF4B-00C04F79EFBC}") = "BibliotecaJogosClient", "BibliotecaJogosClient\BibliotecaJogosClient.csproj", "{044A8F8B-27EE-1B42-8D79-0F67C32ACC4D}"
EndProject
Global
	GlobalSection(SolutionConfigurationPlatforms) = preSolution
		Debug|Any CPU = Debug|Any CPU
		Release|Any CPU = Release|Any CPU
	EndGlobalSection
	GlobalSection(ProjectConfigurationPlatforms) = postSolution
		{044A8F8B-27EE-1B42-8D79-0F67C32ACC4D}.Debug|Any CPU.ActiveCfg = Debug|Any CPU
		{044A8F8B-27EE-1B42-8D79-0F67C32ACC4D}.Debug|Any CPU.Build.0 = Debug|Any CPU
		{044A8F8B-27EE-1B42-8D79-0F67C32ACC4D}.Release|Any CPU.ActiveCfg = Release|Any CPU
		{044A8F8B-27EE-1B42-8D79-0F67C32ACC4D}.Release|Any CPU.Build.0 = Release|Any CPU
	EndGlobalSection
	GlobalSection(SolutionProperties) = preSolution
		HideSolutionNode = FALSE
	EndGlobalSection
	GlobalSection(ExtensibilityGlobals) = postSolution
		SolutionGuid = {B744D023-A40F-4780-A99B-AD5434636D3A}
	EndGlobalSection
EndGlobal
